// !$*UTF8*$!
{
	archiveVersion = 1;
	classes = {
	};
	objectVersion = 56;
	objects = {

/* Begin PBXBuildFile section */
		E91AE1B42A323BA2002E67DA /* Color+Extension.swift in Sources */ = {isa = PBXBuildFile; fileRef = E91AE1B32A323BA2002E67DA /* Color+Extension.swift */; };
		E91AE1B62A34B0E3002E67DA /* View+Extension.swift in Sources */ = {isa = PBXBuildFile; fileRef = E91AE1B52A34B0E3002E67DA /* View+Extension.swift */; };
		E91AE1B92A34B3B6002E67DA /* CustomerView.swift in Sources */ = {isa = PBXBuildFile; fileRef = E91AE1B82A34B3B6002E67DA /* CustomerView.swift */; };
		E91AE1BB2A34B56D002E67DA /* CustomerViewViewModel.swift in Sources */ = {isa = PBXBuildFile; fileRef = E91AE1BA2A34B56D002E67DA /* CustomerViewViewModel.swift */; };
		E94299FA2A3D8B790064686C /* AppUser.swift in Sources */ = {isa = PBXBuildFile; fileRef = E94299F92A3D8B790064686C /* AppUser.swift */; };
		E94299FC2A3DCBC80064686C /* ImagePicker.swift in Sources */ = {isa = PBXBuildFile; fileRef = E94299FB2A3DCBC80064686C /* ImagePicker.swift */; };
		E9A46A1E2A2FDBAB008C50C7 /* FitNoteApp.swift in Sources */ = {isa = PBXBuildFile; fileRef = E9A46A1D2A2FDBAB008C50C7 /* FitNoteApp.swift */; };
		E9A46A202A2FDBAB008C50C7 /* StartView.swift in Sources */ = {isa = PBXBuildFile; fileRef = E9A46A1F2A2FDBAB008C50C7 /* StartView.swift */; };
		E9A46A222A2FDBB1008C50C7 /* Assets.xcassets in Resources */ = {isa = PBXBuildFile; fileRef = E9A46A212A2FDBB1008C50C7 /* Assets.xcassets */; };
		E9A46A252A2FDBB1008C50C7 /* Preview Assets.xcassets in Resources */ = {isa = PBXBuildFile; fileRef = E9A46A242A2FDBB1008C50C7 /* Preview Assets.xcassets */; };
		E9A46A2D2A2FE0FB008C50C7 /* FirebaseAuth in Frameworks */ = {isa = PBXBuildFile; productRef = E9A46A2C2A2FE0FB008C50C7 /* FirebaseAuth */; };
		E9A46A2F2A2FE0FB008C50C7 /* FirebaseAuthCombine-Community in Frameworks */ = {isa = PBXBuildFile; productRef = E9A46A2E2A2FE0FB008C50C7 /* FirebaseAuthCombine-Community */; };
		E9A46A312A2FE0FB008C50C7 /* FirebaseDatabase in Frameworks */ = {isa = PBXBuildFile; productRef = E9A46A302A2FE0FB008C50C7 /* FirebaseDatabase */; };
		E9A46A332A2FE0FB008C50C7 /* FirebaseDatabaseSwift in Frameworks */ = {isa = PBXBuildFile; productRef = E9A46A322A2FE0FB008C50C7 /* FirebaseDatabaseSwift */; };
		E9A46A352A2FE0FB008C50C7 /* FirebaseFirestore in Frameworks */ = {isa = PBXBuildFile; productRef = E9A46A342A2FE0FB008C50C7 /* FirebaseFirestore */; };
		E9A46A372A2FE0FB008C50C7 /* FirebaseFirestoreCombine-Community in Frameworks */ = {isa = PBXBuildFile; productRef = E9A46A362A2FE0FB008C50C7 /* FirebaseFirestoreCombine-Community */; };
		E9A46A392A2FE0FB008C50C7 /* FirebaseFirestoreSwift in Frameworks */ = {isa = PBXBuildFile; productRef = E9A46A382A2FE0FB008C50C7 /* FirebaseFirestoreSwift */; };
		E9A46A3B2A2FE0FB008C50C7 /* FirebaseStorage in Frameworks */ = {isa = PBXBuildFile; productRef = E9A46A3A2A2FE0FB008C50C7 /* FirebaseStorage */; };
		E9A46A3D2A2FE0FB008C50C7 /* FirebaseStorageCombine-Community in Frameworks */ = {isa = PBXBuildFile; productRef = E9A46A3C2A2FE0FB008C50C7 /* FirebaseStorageCombine-Community */; };
		E9A46A412A3066D2008C50C7 /* OnboardingView.swift in Sources */ = {isa = PBXBuildFile; fileRef = E9A46A402A3066D2008C50C7 /* OnboardingView.swift */; };
		E9B3AD8A2A3083F70059C99D /* StartViewViewModel.swift in Sources */ = {isa = PBXBuildFile; fileRef = E9B3AD892A3083F70059C99D /* StartViewViewModel.swift */; };
		E9B3AD8D2A30C8C40059C99D /* LoginView.swift in Sources */ = {isa = PBXBuildFile; fileRef = E9B3AD8C2A30C8C40059C99D /* LoginView.swift */; };
		E9B3AD8F2A30CF450059C99D /* LoginViewViewModel.swift in Sources */ = {isa = PBXBuildFile; fileRef = E9B3AD8E2A30CF450059C99D /* LoginViewViewModel.swift */; };
		E9B3AD922A30DCE00059C99D /* OnboardingViewModel.swift in Sources */ = {isa = PBXBuildFile; fileRef = E9B3AD912A30DCE00059C99D /* OnboardingViewModel.swift */; };
		E9B3AD942A3139020059C99D /* GoogleService-Info.plist in Resources */ = {isa = PBXBuildFile; fileRef = E9B3AD932A3139020059C99D /* GoogleService-Info.plist */; };
		E9B3AD962A313AEB0059C99D /* RegisterView.swift in Sources */ = {isa = PBXBuildFile; fileRef = E9B3AD952A313AEB0059C99D /* RegisterView.swift */; };
		E9B3AD982A313B880059C99D /* RegisterViewViewModel.swift in Sources */ = {isa = PBXBuildFile; fileRef = E9B3AD972A313B880059C99D /* RegisterViewViewModel.swift */; };
		E9B3AD9A2A31420A0059C99D /* FirebaseManager.swift in Sources */ = {isa = PBXBuildFile; fileRef = E9B3AD992A31420A0059C99D /* FirebaseManager.swift */; };
		E9B3AD9F2A31C5710059C99D /* AppRoleView.swift in Sources */ = {isa = PBXBuildFile; fileRef = E9B3AD9E2A31C5710059C99D /* AppRoleView.swift */; };
		E9B3ADA12A31DCBB0059C99D /* AppRoleViewViewModel.swift in Sources */ = {isa = PBXBuildFile; fileRef = E9B3ADA02A31DCBB0059C99D /* AppRoleViewViewModel.swift */; };
		E9B3B2112A407D20008BC653 /* TrainerView.swift in Sources */ = {isa = PBXBuildFile; fileRef = E9B3B2102A407D20008BC653 /* TrainerView.swift */; };
		E9B3B2132A407EBF008BC653 /* TrainerViewViewModel.swift in Sources */ = {isa = PBXBuildFile; fileRef = E9B3B2122A407EBF008BC653 /* TrainerViewViewModel.swift */; };
		E9C936F22A352A23009D4256 /* WorkoutView.swift in Sources */ = {isa = PBXBuildFile; fileRef = E9C936F12A352A23009D4256 /* WorkoutView.swift */; };
		E9C936F52A35E06F009D4256 /* Alamofire in Frameworks */ = {isa = PBXBuildFile; productRef = E9C936F42A35E06F009D4256 /* Alamofire */; };
		E9C936FF2A35F02C009D4256 /* AlamofireProvider.swift in Sources */ = {isa = PBXBuildFile; fileRef = E9C936FE2A35F02C009D4256 /* AlamofireProvider.swift */; };
		E9C937022A35F04D009D4256 /* Exercises.swift in Sources */ = {isa = PBXBuildFile; fileRef = E9C937012A35F04D009D4256 /* Exercises.swift */; };
		E9C937042A366E3B009D4256 /* ExercisesView.swift in Sources */ = {isa = PBXBuildFile; fileRef = E9C937032A366E3B009D4256 /* ExercisesView.swift */; };
		E9C937062A366E58009D4256 /* ExercisesViewViewModel.swift in Sources */ = {isa = PBXBuildFile; fileRef = E9C937052A366E58009D4256 /* ExercisesViewViewModel.swift */; };
		E9C9370A2A366F06009D4256 /* Constants.swift in Sources */ = {isa = PBXBuildFile; fileRef = E9C937092A366F06009D4256 /* Constants.swift */; };
/* End PBXBuildFile section */

/* Begin PBXFileReference section */
		E91AE1B32A323BA2002E67DA /* Color+Extension.swift */ = {isa = PBXFileReference; lastKnownFileType = sourcecode.swift; path = "Color+Extension.swift"; sourceTree = "<group>"; };
		E91AE1B52A34B0E3002E67DA /* View+Extension.swift */ = {isa = PBXFileReference; lastKnownFileType = sourcecode.swift; path = "View+Extension.swift"; sourceTree = "<group>"; };
		E91AE1B82A34B3B6002E67DA /* CustomerView.swift */ = {isa = PBXFileReference; lastKnownFileType = sourcecode.swift; path = CustomerView.swift; sourceTree = "<group>"; };
		E91AE1BA2A34B56D002E67DA /* CustomerViewViewModel.swift */ = {isa = PBXFileReference; lastKnownFileType = sourcecode.swift; path = CustomerViewViewModel.swift; sourceTree = "<group>"; };
		E94299F92A3D8B790064686C /* AppUser.swift */ = {isa = PBXFileReference; lastKnownFileType = sourcecode.swift; path = AppUser.swift; sourceTree = "<group>"; };
		E94299FB2A3DCBC80064686C /* ImagePicker.swift */ = {isa = PBXFileReference; lastKnownFileType = sourcecode.swift; path = ImagePicker.swift; sourceTree = "<group>"; };
		E9A46A1A2A2FDBAB008C50C7 /* FitNote.app */ = {isa = PBXFileReference; explicitFileType = wrapper.application; includeInIndex = 0; path = FitNote.app; sourceTree = BUILT_PRODUCTS_DIR; };
		E9A46A1D2A2FDBAB008C50C7 /* FitNoteApp.swift */ = {isa = PBXFileReference; lastKnownFileType = sourcecode.swift; path = FitNoteApp.swift; sourceTree = "<group>"; };
		E9A46A1F2A2FDBAB008C50C7 /* StartView.swift */ = {isa = PBXFileReference; lastKnownFileType = sourcecode.swift; path = StartView.swift; sourceTree = "<group>"; };
		E9A46A212A2FDBB1008C50C7 /* Assets.xcassets */ = {isa = PBXFileReference; lastKnownFileType = folder.assetcatalog; path = Assets.xcassets; sourceTree = "<group>"; };
		E9A46A242A2FDBB1008C50C7 /* Preview Assets.xcassets */ = {isa = PBXFileReference; lastKnownFileType = folder.assetcatalog; path = "Preview Assets.xcassets"; sourceTree = "<group>"; };
		E9A46A402A3066D2008C50C7 /* OnboardingView.swift */ = {isa = PBXFileReference; lastKnownFileType = sourcecode.swift; path = OnboardingView.swift; sourceTree = "<group>"; };
		E9B3AD892A3083F70059C99D /* StartViewViewModel.swift */ = {isa = PBXFileReference; lastKnownFileType = sourcecode.swift; path = StartViewViewModel.swift; sourceTree = "<group>"; };
		E9B3AD8C2A30C8C40059C99D /* LoginView.swift */ = {isa = PBXFileReference; lastKnownFileType = sourcecode.swift; path = LoginView.swift; sourceTree = "<group>"; };
		E9B3AD8E2A30CF450059C99D /* LoginViewViewModel.swift */ = {isa = PBXFileReference; lastKnownFileType = sourcecode.swift; path = LoginViewViewModel.swift; sourceTree = "<group>"; };
		E9B3AD912A30DCE00059C99D /* OnboardingViewModel.swift */ = {isa = PBXFileReference; lastKnownFileType = sourcecode.swift; path = OnboardingViewModel.swift; sourceTree = "<group>"; };
		E9B3AD932A3139020059C99D /* GoogleService-Info.plist */ = {isa = PBXFileReference; fileEncoding = 4; lastKnownFileType = text.plist.xml; path = "GoogleService-Info.plist"; sourceTree = "<group>"; };
		E9B3AD952A313AEB0059C99D /* RegisterView.swift */ = {isa = PBXFileReference; lastKnownFileType = sourcecode.swift; path = RegisterView.swift; sourceTree = "<group>"; };
		E9B3AD972A313B880059C99D /* RegisterViewViewModel.swift */ = {isa = PBXFileReference; lastKnownFileType = sourcecode.swift; path = RegisterViewViewModel.swift; sourceTree = "<group>"; };
		E9B3AD992A31420A0059C99D /* FirebaseManager.swift */ = {isa = PBXFileReference; lastKnownFileType = sourcecode.swift; path = FirebaseManager.swift; sourceTree = "<group>"; };
		E9B3AD9E2A31C5710059C99D /* AppRoleView.swift */ = {isa = PBXFileReference; lastKnownFileType = sourcecode.swift; path = AppRoleView.swift; sourceTree = "<group>"; };
		E9B3ADA02A31DCBB0059C99D /* AppRoleViewViewModel.swift */ = {isa = PBXFileReference; lastKnownFileType = sourcecode.swift; path = AppRoleViewViewModel.swift; sourceTree = "<group>"; };
		E9B3B2102A407D20008BC653 /* TrainerView.swift */ = {isa = PBXFileReference; lastKnownFileType = sourcecode.swift; path = TrainerView.swift; sourceTree = "<group>"; };
		E9B3B2122A407EBF008BC653 /* TrainerViewViewModel.swift */ = {isa = PBXFileReference; lastKnownFileType = sourcecode.swift; path = TrainerViewViewModel.swift; sourceTree = "<group>"; };
		E9C936F12A352A23009D4256 /* WorkoutView.swift */ = {isa = PBXFileReference; lastKnownFileType = sourcecode.swift; path = WorkoutView.swift; sourceTree = "<group>"; };
		E9C936FE2A35F02C009D4256 /* AlamofireProvider.swift */ = {isa = PBXFileReference; lastKnownFileType = sourcecode.swift; path = AlamofireProvider.swift; sourceTree = "<group>"; };
		E9C937012A35F04D009D4256 /* Exercises.swift */ = {isa = PBXFileReference; lastKnownFileType = sourcecode.swift; path = Exercises.swift; sourceTree = "<group>"; };
		E9C937032A366E3B009D4256 /* ExercisesView.swift */ = {isa = PBXFileReference; lastKnownFileType = sourcecode.swift; path = ExercisesView.swift; sourceTree = "<group>"; };
		E9C937052A366E58009D4256 /* ExercisesViewViewModel.swift */ = {isa = PBXFileReference; lastKnownFileType = sourcecode.swift; path = ExercisesViewViewModel.swift; sourceTree = "<group>"; };
		E9C937092A366F06009D4256 /* Constants.swift */ = {isa = PBXFileReference; lastKnownFileType = sourcecode.swift; path = Constants.swift; sourceTree = "<group>"; };
/* End PBXFileReference section */

/* Begin PBXFrameworksBuildPhase section */
		E9A46A172A2FDBAB008C50C7 /* Frameworks */ = {
			isa = PBXFrameworksBuildPhase;
			buildActionMask = 2147483647;
			files = (
				E9A46A332A2FE0FB008C50C7 /* FirebaseDatabaseSwift in Frameworks */,
				E9A46A312A2FE0FB008C50C7 /* FirebaseDatabase in Frameworks */,
				E9A46A2D2A2FE0FB008C50C7 /* FirebaseAuth in Frameworks */,
				E9A46A392A2FE0FB008C50C7 /* FirebaseFirestoreSwift in Frameworks */,
				E9A46A372A2FE0FB008C50C7 /* FirebaseFirestoreCombine-Community in Frameworks */,
				E9C936F52A35E06F009D4256 /* Alamofire in Frameworks */,
				E9A46A3B2A2FE0FB008C50C7 /* FirebaseStorage in Frameworks */,
				E9A46A352A2FE0FB008C50C7 /* FirebaseFirestore in Frameworks */,
				E9A46A3D2A2FE0FB008C50C7 /* FirebaseStorageCombine-Community in Frameworks */,
				E9A46A2F2A2FE0FB008C50C7 /* FirebaseAuthCombine-Community in Frameworks */,
			);
			runOnlyForDeploymentPostprocessing = 0;
		};
/* End PBXFrameworksBuildPhase section */

/* Begin PBXGroup section */
		E91AE1B22A323A27002E67DA /* Extensions */ = {
			isa = PBXGroup;
			children = (
				E91AE1B32A323BA2002E67DA /* Color+Extension.swift */,
				E91AE1B52A34B0E3002E67DA /* View+Extension.swift */,
			);
			path = Extensions;
			sourceTree = "<group>";
		};
		E91AE1B72A34B2EB002E67DA /* CustomerScreen */ = {
			isa = PBXGroup;
			children = (
				E91AE1B82A34B3B6002E67DA /* CustomerView.swift */,
				E91AE1BA2A34B56D002E67DA /* CustomerViewViewModel.swift */,
				E94299FB2A3DCBC80064686C /* ImagePicker.swift */,
			);
			path = CustomerScreen;
			sourceTree = "<group>";
		};
		E9A46A112A2FDBAB008C50C7 = {
			isa = PBXGroup;
			children = (
				E9A46A1C2A2FDBAB008C50C7 /* FitNote */,
				E9A46A1B2A2FDBAB008C50C7 /* Products */,
			);
			sourceTree = "<group>";
		};
		E9A46A1B2A2FDBAB008C50C7 /* Products */ = {
			isa = PBXGroup;
			children = (
				E9A46A1A2A2FDBAB008C50C7 /* FitNote.app */,
			);
			name = Products;
			sourceTree = "<group>";
		};
		E9A46A1C2A2FDBAB008C50C7 /* FitNote */ = {
			isa = PBXGroup;
			children = (
				E9A46A1D2A2FDBAB008C50C7 /* FitNoteApp.swift */,
				E9C937092A366F06009D4256 /* Constants.swift */,
				E9B3B20F2A407AF0008BC653 /* Trainer screen */,
				E9C937002A35F033009D4256 /* Models */,
				E9C936FD2A35EFEF009D4256 /* Managers */,
				E91AE1B22A323A27002E67DA /* Extensions */,
				E9A46A3E2A3066A6008C50C7 /* StartScreen */,
				E9A46A3F2A3066B6008C50C7 /* Onboarding */,
				E9B3AD8B2A30A5AB0059C99D /* LoginScreen */,
				E9B3AD902A30DB1B0059C99D /* RegisterScreen */,
				E9B3AD9D2A31C52A0059C99D /* AppRoleScreen */,
				E91AE1B72A34B2EB002E67DA /* CustomerScreen */,
				E9C936EF2A3529C7009D4256 /* WorkoutScreen */,
				E9C936F02A3529E7009D4256 /* ExerciseScreen */,
				E9A46A212A2FDBB1008C50C7 /* Assets.xcassets */,
				E9B3AD932A3139020059C99D /* GoogleService-Info.plist */,
				E9A46A232A2FDBB1008C50C7 /* Preview Content */,
			);
			path = FitNote;
			sourceTree = "<group>";
		};
		E9A46A232A2FDBB1008C50C7 /* Preview Content */ = {
			isa = PBXGroup;
			children = (
				E9A46A242A2FDBB1008C50C7 /* Preview Assets.xcassets */,
			);
			path = "Preview Content";
			sourceTree = "<group>";
		};
		E9A46A3E2A3066A6008C50C7 /* StartScreen */ = {
			isa = PBXGroup;
			children = (
				E9A46A1F2A2FDBAB008C50C7 /* StartView.swift */,
				E9B3AD892A3083F70059C99D /* StartViewViewModel.swift */,
			);
			path = StartScreen;
			sourceTree = "<group>";
		};
		E9A46A3F2A3066B6008C50C7 /* Onboarding */ = {
			isa = PBXGroup;
			children = (
				E9A46A402A3066D2008C50C7 /* OnboardingView.swift */,
				E9B3AD912A30DCE00059C99D /* OnboardingViewModel.swift */,
			);
			path = Onboarding;
			sourceTree = "<group>";
		};
		E9B3AD8B2A30A5AB0059C99D /* LoginScreen */ = {
			isa = PBXGroup;
			children = (
				E9B3AD8C2A30C8C40059C99D /* LoginView.swift */,
				E9B3AD8E2A30CF450059C99D /* LoginViewViewModel.swift */,
			);
			path = LoginScreen;
			sourceTree = "<group>";
		};
		E9B3AD902A30DB1B0059C99D /* RegisterScreen */ = {
			isa = PBXGroup;
			children = (
				E9B3AD952A313AEB0059C99D /* RegisterView.swift */,
				E9B3AD972A313B880059C99D /* RegisterViewViewModel.swift */,
			);
			path = RegisterScreen;
			sourceTree = "<group>";
		};
		E9B3AD9D2A31C52A0059C99D /* AppRoleScreen */ = {
			isa = PBXGroup;
			children = (
				E9B3AD9E2A31C5710059C99D /* AppRoleView.swift */,
				E9B3ADA02A31DCBB0059C99D /* AppRoleViewViewModel.swift */,
			);
			path = AppRoleScreen;
			sourceTree = "<group>";
		};
		E9B3B20F2A407AF0008BC653 /* Trainer screen */ = {
			isa = PBXGroup;
			children = (
				E9B3B2102A407D20008BC653 /* TrainerView.swift */,
				E9B3B2122A407EBF008BC653 /* TrainerViewViewModel.swift */,
			);
			path = "Trainer screen";
			sourceTree = "<group>";
		};
		E9C936EF2A3529C7009D4256 /* WorkoutScreen */ = {
			isa = PBXGroup;
			children = (
				E9C936F12A352A23009D4256 /* WorkoutView.swift */,
			);
			path = WorkoutScreen;
			sourceTree = "<group>";
		};
		E9C936F02A3529E7009D4256 /* ExerciseScreen */ = {
			isa = PBXGroup;
			children = (
				E9C937032A366E3B009D4256 /* ExercisesView.swift */,
				E9C937052A366E58009D4256 /* ExercisesViewViewModel.swift */,
			);
			path = ExerciseScreen;
			sourceTree = "<group>";
		};
		E9C936FD2A35EFEF009D4256 /* Managers */ = {
			isa = PBXGroup;
			children = (
				E9B3AD992A31420A0059C99D /* FirebaseManager.swift */,
				E9C936FE2A35F02C009D4256 /* AlamofireProvider.swift */,
			);
			path = Managers;
			sourceTree = "<group>";
		};
		E9C937002A35F033009D4256 /* Models */ = {
			isa = PBXGroup;
			children = (
				E9C937012A35F04D009D4256 /* Exercises.swift */,
				E94299F92A3D8B790064686C /* AppUser.swift */,
			);
			path = Models;
			sourceTree = "<group>";
		};
/* End PBXGroup section */

/* Begin PBXNativeTarget section */
		E9A46A192A2FDBAB008C50C7 /* FitNote */ = {
			isa = PBXNativeTarget;
			buildConfigurationList = E9A46A282A2FDBB1008C50C7 /* Build configuration list for PBXNativeTarget "FitNote" */;
			buildPhases = (
				E9A46A162A2FDBAB008C50C7 /* Sources */,
				E9A46A172A2FDBAB008C50C7 /* Frameworks */,
				E9A46A182A2FDBAB008C50C7 /* Resources */,
			);
			buildRules = (
			);
			dependencies = (
			);
			name = FitNote;
			packageProductDependencies = (
				E9A46A2C2A2FE0FB008C50C7 /* FirebaseAuth */,
				E9A46A2E2A2FE0FB008C50C7 /* FirebaseAuthCombine-Community */,
				E9A46A302A2FE0FB008C50C7 /* FirebaseDatabase */,
				E9A46A322A2FE0FB008C50C7 /* FirebaseDatabaseSwift */,
				E9A46A342A2FE0FB008C50C7 /* FirebaseFirestore */,
				E9A46A362A2FE0FB008C50C7 /* FirebaseFirestoreCombine-Community */,
				E9A46A382A2FE0FB008C50C7 /* FirebaseFirestoreSwift */,
				E9A46A3A2A2FE0FB008C50C7 /* FirebaseStorage */,
				E9A46A3C2A2FE0FB008C50C7 /* FirebaseStorageCombine-Community */,
				E9C936F42A35E06F009D4256 /* Alamofire */,
			);
			productName = FitNote;
			productReference = E9A46A1A2A2FDBAB008C50C7 /* FitNote.app */;
			productType = "com.apple.product-type.application";
		};
/* End PBXNativeTarget section */

/* Begin PBXProject section */
		E9A46A122A2FDBAB008C50C7 /* Project object */ = {
			isa = PBXProject;
			attributes = {
				BuildIndependentTargetsInParallel = 1;
				LastSwiftUpdateCheck = 1430;
				LastUpgradeCheck = 1430;
				TargetAttributes = {
					E9A46A192A2FDBAB008C50C7 = {
						CreatedOnToolsVersion = 14.3;
					};
				};
			};
			buildConfigurationList = E9A46A152A2FDBAB008C50C7 /* Build configuration list for PBXProject "FitNote" */;
			compatibilityVersion = "Xcode 14.0";
			developmentRegion = en;
			hasScannedForEncodings = 0;
			knownRegions = (
				en,
				Base,
			);
			mainGroup = E9A46A112A2FDBAB008C50C7;
			packageReferences = (
				E9A46A2B2A2FE0FB008C50C7 /* XCRemoteSwiftPackageReference "firebase-ios-sdk" */,
				E9C936F32A35E06F009D4256 /* XCRemoteSwiftPackageReference "Alamofire" */,
			);
			productRefGroup = E9A46A1B2A2FDBAB008C50C7 /* Products */;
			projectDirPath = "";
			projectRoot = "";
			targets = (
				E9A46A192A2FDBAB008C50C7 /* FitNote */,
			);
		};
/* End PBXProject section */

/* Begin PBXResourcesBuildPhase section */
		E9A46A182A2FDBAB008C50C7 /* Resources */ = {
			isa = PBXResourcesBuildPhase;
			buildActionMask = 2147483647;
			files = (
				E9A46A252A2FDBB1008C50C7 /* Preview Assets.xcassets in Resources */,
				E9A46A222A2FDBB1008C50C7 /* Assets.xcassets in Resources */,
				E9B3AD942A3139020059C99D /* GoogleService-Info.plist in Resources */,
			);
			runOnlyForDeploymentPostprocessing = 0;
		};
/* End PBXResourcesBuildPhase section */

/* Begin PBXSourcesBuildPhase section */
		E9A46A162A2FDBAB008C50C7 /* Sources */ = {
			isa = PBXSourcesBuildPhase;
			buildActionMask = 2147483647;
			files = (
				E9B3AD8D2A30C8C40059C99D /* LoginView.swift in Sources */,
				E9C936FF2A35F02C009D4256 /* AlamofireProvider.swift in Sources */,
				E9A46A412A3066D2008C50C7 /* OnboardingView.swift in Sources */,
				E9B3AD9A2A31420A0059C99D /* FirebaseManager.swift in Sources */,
				E9B3AD8F2A30CF450059C99D /* LoginViewViewModel.swift in Sources */,
				E9B3AD962A313AEB0059C99D /* RegisterView.swift in Sources */,
				E94299FA2A3D8B790064686C /* AppUser.swift in Sources */,
				E9C9370A2A366F06009D4256 /* Constants.swift in Sources */,
				E91AE1B92A34B3B6002E67DA /* CustomerView.swift in Sources */,
				E9B3AD982A313B880059C99D /* RegisterViewViewModel.swift in Sources */,
				E9C937042A366E3B009D4256 /* ExercisesView.swift in Sources */,
				E9B3AD9F2A31C5710059C99D /* AppRoleView.swift in Sources */,
				E9A46A202A2FDBAB008C50C7 /* StartView.swift in Sources */,
				E9C937022A35F04D009D4256 /* Exercises.swift in Sources */,
				E9C936F22A352A23009D4256 /* WorkoutView.swift in Sources */,
				E9A46A1E2A2FDBAB008C50C7 /* FitNoteApp.swift in Sources */,
				E9B3AD922A30DCE00059C99D /* OnboardingViewModel.swift in Sources */,
				E9B3B2132A407EBF008BC653 /* TrainerViewViewModel.swift in Sources */,
				E9B3ADA12A31DCBB0059C99D /* AppRoleViewViewModel.swift in Sources */,
				E9B3AD8A2A3083F70059C99D /* StartViewViewModel.swift in Sources */,
				E91AE1B62A34B0E3002E67DA /* View+Extension.swift in Sources */,
				E9C937062A366E58009D4256 /* ExercisesViewViewModel.swift in Sources */,
				E9B3B2112A407D20008BC653 /* TrainerView.swift in Sources */,
				E94299FC2A3DCBC80064686C /* ImagePicker.swift in Sources */,
				E91AE1B42A323BA2002E67DA /* Color+Extension.swift in Sources */,
				E91AE1BB2A34B56D002E67DA /* CustomerViewViewModel.swift in Sources */,
			);
			runOnlyForDeploymentPostprocessing = 0;
		};
/* End PBXSourcesBuildPhase section */

/* Begin XCBuildConfiguration section */
		E9A46A262A2FDBB1008C50C7 /* Debug */ = {
			isa = XCBuildConfiguration;
			buildSettings = {
				ALWAYS_SEARCH_USER_PATHS = NO;
				CLANG_ANALYZER_NONNULL = YES;
				CLANG_ANALYZER_NUMBER_OBJECT_CONVERSION = YES_AGGRESSIVE;
				CLANG_CXX_LANGUAGE_STANDARD = "gnu++20";
				CLANG_ENABLE_MODULES = YES;
				CLANG_ENABLE_OBJC_ARC = YES;
				CLANG_ENABLE_OBJC_WEAK = YES;
				CLANG_WARN_BLOCK_CAPTURE_AUTORELEASING = YES;
				CLANG_WARN_BOOL_CONVERSION = YES;
				CLANG_WARN_COMMA = YES;
				CLANG_WARN_CONSTANT_CONVERSION = YES;
				CLANG_WARN_DEPRECATED_OBJC_IMPLEMENTATIONS = YES;
				CLANG_WARN_DIRECT_OBJC_ISA_USAGE = YES_ERROR;
				CLANG_WARN_DOCUMENTATION_COMMENTS = YES;
				CLANG_WARN_EMPTY_BODY = YES;
				CLANG_WARN_ENUM_CONVERSION = YES;
				CLANG_WARN_INFINITE_RECURSION = YES;
				CLANG_WARN_INT_CONVERSION = YES;
				CLANG_WARN_NON_LITERAL_NULL_CONVERSION = YES;
				CLANG_WARN_OBJC_IMPLICIT_RETAIN_SELF = YES;
				CLANG_WARN_OBJC_LITERAL_CONVERSION = YES;
				CLANG_WARN_OBJC_ROOT_CLASS = YES_ERROR;
				CLANG_WARN_QUOTED_INCLUDE_IN_FRAMEWORK_HEADER = YES;
				CLANG_WARN_RANGE_LOOP_ANALYSIS = YES;
				CLANG_WARN_STRICT_PROTOTYPES = YES;
				CLANG_WARN_SUSPICIOUS_MOVE = YES;
				CLANG_WARN_UNGUARDED_AVAILABILITY = YES_AGGRESSIVE;
				CLANG_WARN_UNREACHABLE_CODE = YES;
				CLANG_WARN__DUPLICATE_METHOD_MATCH = YES;
				COPY_PHASE_STRIP = NO;
				DEBUG_INFORMATION_FORMAT = dwarf;
				ENABLE_STRICT_OBJC_MSGSEND = YES;
				ENABLE_TESTABILITY = YES;
				GCC_C_LANGUAGE_STANDARD = gnu11;
				GCC_DYNAMIC_NO_PIC = NO;
				GCC_NO_COMMON_BLOCKS = YES;
				GCC_OPTIMIZATION_LEVEL = 0;
				GCC_PREPROCESSOR_DEFINITIONS = (
					"DEBUG=1",
					"$(inherited)",
				);
				GCC_WARN_64_TO_32_BIT_CONVERSION = YES;
				GCC_WARN_ABOUT_RETURN_TYPE = YES_ERROR;
				GCC_WARN_UNDECLARED_SELECTOR = YES;
				GCC_WARN_UNINITIALIZED_AUTOS = YES_AGGRESSIVE;
				GCC_WARN_UNUSED_FUNCTION = YES;
				GCC_WARN_UNUSED_VARIABLE = YES;
				IPHONEOS_DEPLOYMENT_TARGET = 16.4;
				MTL_ENABLE_DEBUG_INFO = INCLUDE_SOURCE;
				MTL_FAST_MATH = YES;
				ONLY_ACTIVE_ARCH = YES;
				SDKROOT = iphoneos;
				SWIFT_ACTIVE_COMPILATION_CONDITIONS = DEBUG;
				SWIFT_OPTIMIZATION_LEVEL = "-Onone";
			};
			name = Debug;
		};
		E9A46A272A2FDBB1008C50C7 /* Release */ = {
			isa = XCBuildConfiguration;
			buildSettings = {
				ALWAYS_SEARCH_USER_PATHS = NO;
				CLANG_ANALYZER_NONNULL = YES;
				CLANG_ANALYZER_NUMBER_OBJECT_CONVERSION = YES_AGGRESSIVE;
				CLANG_CXX_LANGUAGE_STANDARD = "gnu++20";
				CLANG_ENABLE_MODULES = YES;
				CLANG_ENABLE_OBJC_ARC = YES;
				CLANG_ENABLE_OBJC_WEAK = YES;
				CLANG_WARN_BLOCK_CAPTURE_AUTORELEASING = YES;
				CLANG_WARN_BOOL_CONVERSION = YES;
				CLANG_WARN_COMMA = YES;
				CLANG_WARN_CONSTANT_CONVERSION = YES;
				CLANG_WARN_DEPRECATED_OBJC_IMPLEMENTATIONS = YES;
				CLANG_WARN_DIRECT_OBJC_ISA_USAGE = YES_ERROR;
				CLANG_WARN_DOCUMENTATION_COMMENTS = YES;
				CLANG_WARN_EMPTY_BODY = YES;
				CLANG_WARN_ENUM_CONVERSION = YES;
				CLANG_WARN_INFINITE_RECURSION = YES;
				CLANG_WARN_INT_CONVERSION = YES;
				CLANG_WARN_NON_LITERAL_NULL_CONVERSION = YES;
				CLANG_WARN_OBJC_IMPLICIT_RETAIN_SELF = YES;
				CLANG_WARN_OBJC_LITERAL_CONVERSION = YES;
				CLANG_WARN_OBJC_ROOT_CLASS = YES_ERROR;
				CLANG_WARN_QUOTED_INCLUDE_IN_FRAMEWORK_HEADER = YES;
				CLANG_WARN_RANGE_LOOP_ANALYSIS = YES;
				CLANG_WARN_STRICT_PROTOTYPES = YES;
				CLANG_WARN_SUSPICIOUS_MOVE = YES;
				CLANG_WARN_UNGUARDED_AVAILABILITY = YES_AGGRESSIVE;
				CLANG_WARN_UNREACHABLE_CODE = YES;
				CLANG_WARN__DUPLICATE_METHOD_MATCH = YES;
				COPY_PHASE_STRIP = NO;
				DEBUG_INFORMATION_FORMAT = "dwarf-with-dsym";
				ENABLE_NS_ASSERTIONS = NO;
				ENABLE_STRICT_OBJC_MSGSEND = YES;
				GCC_C_LANGUAGE_STANDARD = gnu11;
				GCC_NO_COMMON_BLOCKS = YES;
				GCC_WARN_64_TO_32_BIT_CONVERSION = YES;
				GCC_WARN_ABOUT_RETURN_TYPE = YES_ERROR;
				GCC_WARN_UNDECLARED_SELECTOR = YES;
				GCC_WARN_UNINITIALIZED_AUTOS = YES_AGGRESSIVE;
				GCC_WARN_UNUSED_FUNCTION = YES;
				GCC_WARN_UNUSED_VARIABLE = YES;
				IPHONEOS_DEPLOYMENT_TARGET = 16.4;
				MTL_ENABLE_DEBUG_INFO = NO;
				MTL_FAST_MATH = YES;
				SDKROOT = iphoneos;
				SWIFT_COMPILATION_MODE = wholemodule;
				SWIFT_OPTIMIZATION_LEVEL = "-O";
				VALIDATE_PRODUCT = YES;
			};
			name = Release;
		};
		E9A46A292A2FDBB1008C50C7 /* Debug */ = {
			isa = XCBuildConfiguration;
			buildSettings = {
				ASSETCATALOG_COMPILER_APPICON_NAME = AppIcon;
				ASSETCATALOG_COMPILER_GLOBAL_ACCENT_COLOR_NAME = AccentColor;
				CODE_SIGN_STYLE = Automatic;
				CURRENT_PROJECT_VERSION = 1;
				DEVELOPMENT_ASSET_PATHS = "\"FitNote/Preview Content\"";
				DEVELOPMENT_TEAM = ZQDMWA8UZ4;
				ENABLE_PREVIEWS = YES;
				GENERATE_INFOPLIST_FILE = YES;
				INFOPLIST_KEY_UIApplicationSceneManifest_Generation = YES;
				INFOPLIST_KEY_UIApplicationSupportsIndirectInputEvents = YES;
				INFOPLIST_KEY_UILaunchScreen_Generation = YES;
				INFOPLIST_KEY_UISupportedInterfaceOrientations = UIInterfaceOrientationPortrait;
				INFOPLIST_KEY_UISupportedInterfaceOrientations_iPad = "UIInterfaceOrientationLandscapeLeft UIInterfaceOrientationLandscapeRight UIInterfaceOrientationPortrait UIInterfaceOrientationPortraitUpsideDown";
				IPHONEOS_DEPLOYMENT_TARGET = 16.1;
				LD_RUNPATH_SEARCH_PATHS = (
					"$(inherited)",
					"@executable_path/Frameworks",
				);
				MARKETING_VERSION = 1.0;
				PRODUCT_BUNDLE_IDENTIFIER = com.pz.FitNote;
				PRODUCT_NAME = "$(TARGET_NAME)";
				SUPPORTED_PLATFORMS = "iphoneos iphonesimulator";
				SUPPORTS_MACCATALYST = NO;
				SUPPORTS_MAC_DESIGNED_FOR_IPHONE_IPAD = NO;
				SWIFT_EMIT_LOC_STRINGS = YES;
				SWIFT_VERSION = 5.0;
				TARGETED_DEVICE_FAMILY = 1;
			};
			name = Debug;
		};
		E9A46A2A2A2FDBB1008C50C7 /* Release */ = {
			isa = XCBuildConfiguration;
			buildSettings = {
				ASSETCATALOG_COMPILER_APPICON_NAME = AppIcon;
				ASSETCATALOG_COMPILER_GLOBAL_ACCENT_COLOR_NAME = AccentColor;
				CODE_SIGN_STYLE = Automatic;
				CURRENT_PROJECT_VERSION = 1;
				DEVELOPMENT_ASSET_PATHS = "\"FitNote/Preview Content\"";
				DEVELOPMENT_TEAM = ZQDMWA8UZ4;
				ENABLE_PREVIEWS = YES;
				GENERATE_INFOPLIST_FILE = YES;
				INFOPLIST_KEY_UIApplicationSceneManifest_Generation = YES;
				INFOPLIST_KEY_UIApplicationSupportsIndirectInputEvents = YES;
				INFOPLIST_KEY_UILaunchScreen_Generation = YES;
				INFOPLIST_KEY_UISupportedInterfaceOrientations = UIInterfaceOrientationPortrait;
				INFOPLIST_KEY_UISupportedInterfaceOrientations_iPad = "UIInterfaceOrientationLandscapeLeft UIInterfaceOrientationLandscapeRight UIInterfaceOrientationPortrait UIInterfaceOrientationPortraitUpsideDown";
				IPHONEOS_DEPLOYMENT_TARGET = 16.1;
				LD_RUNPATH_SEARCH_PATHS = (
					"$(inherited)",
					"@executable_path/Frameworks",
				);
				MARKETING_VERSION = 1.0;
				PRODUCT_BUNDLE_IDENTIFIER = com.pz.FitNote;
				PRODUCT_NAME = "$(TARGET_NAME)";
				SUPPORTED_PLATFORMS = "iphoneos iphonesimulator";
				SUPPORTS_MACCATALYST = NO;
				SUPPORTS_MAC_DESIGNED_FOR_IPHONE_IPAD = NO;
				SWIFT_EMIT_LOC_STRINGS = YES;
				SWIFT_VERSION = 5.0;
				TARGETED_DEVICE_FAMILY = 1;
			};
			name = Release;
		};
/* End XCBuildConfiguration section */

/* Begin XCConfigurationList section */
		E9A46A152A2FDBAB008C50C7 /* Build configuration list for PBXProject "FitNote" */ = {
			isa = XCConfigurationList;
			buildConfigurations = (
				E9A46A262A2FDBB1008C50C7 /* Debug */,
				E9A46A272A2FDBB1008C50C7 /* Release */,
			);
			defaultConfigurationIsVisible = 0;
			defaultConfigurationName = Release;
		};
		E9A46A282A2FDBB1008C50C7 /* Build configuration list for PBXNativeTarget "FitNote" */ = {
			isa = XCConfigurationList;
			buildConfigurations = (
				E9A46A292A2FDBB1008C50C7 /* Debug */,
				E9A46A2A2A2FDBB1008C50C7 /* Release */,
			);
			defaultConfigurationIsVisible = 0;
			defaultConfigurationName = Release;
		};
/* End XCConfigurationList section */

/* Begin XCRemoteSwiftPackageReference section */
		E9A46A2B2A2FE0FB008C50C7 /* XCRemoteSwiftPackageReference "firebase-ios-sdk" */ = {
			isa = XCRemoteSwiftPackageReference;
			repositoryURL = "https://github.com/firebase/firebase-ios-sdk.git";
			requirement = {
				kind = upToNextMajorVersion;
				minimumVersion = 10.10.0;
			};
		};
		E9C936F32A35E06F009D4256 /* XCRemoteSwiftPackageReference "Alamofire" */ = {
			isa = XCRemoteSwiftPackageReference;
			repositoryURL = "https://github.com/Alamofire/Alamofire.git";
			requirement = {
				kind = upToNextMajorVersion;
				minimumVersion = 5.7.0;
			};
		};
/* End XCRemoteSwiftPackageReference section */

/* Begin XCSwiftPackageProductDependency section */
		E9A46A2C2A2FE0FB008C50C7 /* FirebaseAuth */ = {
			isa = XCSwiftPackageProductDependency;
			package = E9A46A2B2A2FE0FB008C50C7 /* XCRemoteSwiftPackageReference "firebase-ios-sdk" */;
			productName = FirebaseAuth;
		};
		E9A46A2E2A2FE0FB008C50C7 /* FirebaseAuthCombine-Community */ = {
			isa = XCSwiftPackageProductDependency;
			package = E9A46A2B2A2FE0FB008C50C7 /* XCRemoteSwiftPackageReference "firebase-ios-sdk" */;
			productName = "FirebaseAuthCombine-Community";
		};
		E9A46A302A2FE0FB008C50C7 /* FirebaseDatabase */ = {
			isa = XCSwiftPackageProductDependency;
			package = E9A46A2B2A2FE0FB008C50C7 /* XCRemoteSwiftPackageReference "firebase-ios-sdk" */;
			productName = FirebaseDatabase;
		};
		E9A46A322A2FE0FB008C50C7 /* FirebaseDatabaseSwift */ = {
			isa = XCSwiftPackageProductDependency;
			package = E9A46A2B2A2FE0FB008C50C7 /* XCRemoteSwiftPackageReference "firebase-ios-sdk" */;
			productName = FirebaseDatabaseSwift;
		};
		E9A46A342A2FE0FB008C50C7 /* FirebaseFirestore */ = {
			isa = XCSwiftPackageProductDependency;
			package = E9A46A2B2A2FE0FB008C50C7 /* XCRemoteSwiftPackageReference "firebase-ios-sdk" */;
			productName = FirebaseFirestore;
		};
		E9A46A362A2FE0FB008C50C7 /* FirebaseFirestoreCombine-Community */ = {
			isa = XCSwiftPackageProductDependency;
			package = E9A46A2B2A2FE0FB008C50C7 /* XCRemoteSwiftPackageReference "firebase-ios-sdk" */;
			productName = "FirebaseFirestoreCombine-Community";
		};
		E9A46A382A2FE0FB008C50C7 /* FirebaseFirestoreSwift */ = {
			isa = XCSwiftPackageProductDependency;
			package = E9A46A2B2A2FE0FB008C50C7 /* XCRemoteSwiftPackageReference "firebase-ios-sdk" */;
			productName = FirebaseFirestoreSwift;
		};
		E9A46A3A2A2FE0FB008C50C7 /* FirebaseStorage */ = {
			isa = XCSwiftPackageProductDependency;
			package = E9A46A2B2A2FE0FB008C50C7 /* XCRemoteSwiftPackageReference "firebase-ios-sdk" */;
			productName = FirebaseStorage;
		};
		E9A46A3C2A2FE0FB008C50C7 /* FirebaseStorageCombine-Community */ = {
			isa = XCSwiftPackageProductDependency;
			package = E9A46A2B2A2FE0FB008C50C7 /* XCRemoteSwiftPackageReference "firebase-ios-sdk" */;
			productName = "FirebaseStorageCombine-Community";
		};
		E9C936F42A35E06F009D4256 /* Alamofire */ = {
			isa = XCSwiftPackageProductDependency;
			package = E9C936F32A35E06F009D4256 /* XCRemoteSwiftPackageReference "Alamofire" */;
			productName = Alamofire;
		};
/* End XCSwiftPackageProductDependency section */
	};
	rootObject = E9A46A122A2FDBAB008C50C7 /* Project object */;
}
